
Microsoft Visual Studio Solution File, Format Version 12.00
# Visual Studio Version 17
VisualStudioVersion = 17.11.35219.272
MinimumVisualStudioVersion = 10.0.40219.1
Project("{9A19103F-16F7-4668-BE54-9A1E7A4F7556}") = "LibraryManagement", "LibraryManagement.csproj", "{45E7F2E3-E975-4484-A92B-31BFB2D72B0E}"
EndProject
Global
	GlobalSection(SolutionConfigurationPlatforms) = preSolution
		Debug|Any CPU = Debug|Any CPU
		Release|Any CPU = Release|Any CPU
	EndGlobalSection
	GlobalSection(ProjectConfigurationPlatforms) = postSolution
		{45E7F2E3-E975-4484-A92B-31BFB2D72B0E}.Debug|Any CPU.ActiveCfg = Debug|Any CPU
		{45E7F2E3-E975-4484-A92B-31BFB2D72B0E}.Debug|Any CPU.Build.0 = Debug|Any CPU
		{45E7F2E3-E975-4484-A92B-31BFB2D72B0E}.Release|Any CPU.ActiveCfg = Release|Any CPU
		{45E7F2E3-E975-4484-A92B-31BFB2D72B0E}.Release|Any CPU.Build.0 = Release|Any CPU
	EndGlobalSection
	GlobalSection(SolutionProperties) = preSolution
		HideSolutionNode = FALSE
	EndGlobalSection
	GlobalSection(ExtensibilityGlobals) = postSolution
		SolutionGuid = {73B1E5AE-B515-41DA-BAB5-30C6D115988F}
	EndGlobalSection
EndGlobal
